// !$*UTF8*$!
{
	archiveVersion = 1;
	classes = {
	};
	objectVersion = 46;
	objects = {

/* Begin PBXGroup section */
		D52F287E1CF2CFAE0064C39B = {
			isa = PBXGroup;
			children = (
			);
			sourceTree = "<group>";
		};
/* End PBXGroup section */

/* Begin PBXProject section */
		D52F287F1CF2CFAE0064C39B /* Project object */ = {
			isa = PBXProject;
			attributes = {
				LastUpgradeCheck = 0730;
			};
			buildConfigurationList = D52F28821CF2CFAE0064C39B /* Build configuration list for PBXProject "HelloNode" */;
			compatibilityVersion = "Xcode 3.2";
			developmentRegion = English;
			hasScannedForEncodings = 0;
			knownRegions = (
				en,
			);
			mainGroup = D52F287E1CF2CFAE0064C39B;
			projectDirPath = "";
			projectRoot = "";
			targets = (
			);
		};
/* End PBXProject section */

/* Begin XCBuildConfiguration section */
		D52F28831CF2CFAE0064C39B /* Debug */ = {
			isa = XCBuildConfiguration;
			buildSettings = {
			};
			name = Debug;
		};
		D52F28841CF2CFAE0064C39B /* Release */ = {
			isa = XCBuildConfiguration;
			buildSettings = {
			};
			name = Release;
		};
/* End XCBuildConfiguration section */

/* Begin XCConfigurationList section */
		D52F28821CF2CFAE0064C39B /* Build configuration list for PBXProject "HelloNode" */ = {
			isa = XCConfigurationList;
			buildConfigurations = (
				D52F28831CF2CFAE0064C39B /* Debug */,
				D52F28841CF2CFAE0064C39B /* Release */,
			);
			defaultConfigurationIsVisible = 0;
			defaultConfigurationName = Release;
		};
/* End XCConfigurationList section */
	};
	rootObject = D52F287F1CF2CFAE0064C39B /* Project object */;
}
