// !$*UTF8*$!
{
	archiveVersion = 1;
	classes = {
	};
	objectVersion = 46;
	objects = {

/* Begin PBXFileReference section */
		D51D20E31CFD6EF9003FABA1 /* buffer_image.js */ = {isa = PBXFileReference; lastKnownFileType = sourcecode.javascript; path = buffer_image.js; sourceTree = "<group>"; };
		D51D20E41CFD6FC4003FABA1 /* bd_logo1.png */ = {isa = PBXFileReference; lastKnownFileType = image.png; name = bd_logo1.png; path = ../../Desktop/bd_logo1.png; sourceTree = "<group>"; };
		D51D20E61CFD74E9003FABA1 /* File */ = {isa = PBXFileReference; lastKnownFileType = text; path = File; sourceTree = "<group>"; };
		D51D20E81CFD7970003FABA1 /* stream_event.js */ = {isa = PBXFileReference; lastKnownFileType = sourcecode.javascript; path = stream_event.js; sourceTree = "<group>"; };
		D51D20E91CFD7E5A003FABA1 /* stream_copy.js */ = {isa = PBXFileReference; lastKnownFileType = sourcecode.javascript; path = stream_copy.js; sourceTree = "<group>"; };
		D52F28871CF2D0CB0064C39B /* HelloNode.js */ = {isa = PBXFileReference; lastKnownFileType = sourcecode.javascript; path = HelloNode.js; sourceTree = "<group>"; };
		D57344941CF7E0B300F880E0 /* Crawler.js */ = {isa = PBXFileReference; lastKnownFileType = sourcecode.javascript; path = Crawler.js; sourceTree = "<group>"; };
		D587AE2B1CF543D60002609C /* Callback.js */ = {isa = PBXFileReference; lastKnownFileType = sourcecode.javascript; path = Callback.js; sourceTree = "<group>"; };
		D587AE2C1CF545D30002609C /* async.js */ = {isa = PBXFileReference; lastKnownFileType = sourcecode.javascript; path = async.js; sourceTree = "<group>"; };
		D587AE2D1CF54ADE0002609C /* context.js */ = {isa = PBXFileReference; lastKnownFileType = sourcecode.javascript; path = context.js; sourceTree = "<group>"; };
		D587AE2E1CF54F3F0002609C /* call_apply.js */ = {isa = PBXFileReference; lastKnownFileType = sourcecode.javascript; path = call_apply.js; sourceTree = "<group>"; };
		D587AE301CF551090002609C /* call_apply_extend.js */ = {isa = PBXFileReference; lastKnownFileType = sourcecode.javascript; path = call_apply_extend.js; sourceTree = "<group>"; };
		D599A1851CFBDB0E0021B7F4 /* ball.html */ = {isa = PBXFileReference; lastKnownFileType = text.html; path = ball.html; sourceTree = "<group>"; };
		D599A1871CFC0EC30021B7F4 /* https.js */ = {isa = PBXFileReference; lastKnownFileType = sourcecode.javascript; path = https.js; sourceTree = "<group>"; };
		D599A1881CFC10570021B7F4 /* Promise_crawler.js */ = {isa = PBXFileReference; lastKnownFileType = sourcecode.javascript; path = Promise_crawler.js; sourceTree = "<group>"; };
		D5AD3C3C1CF3EB7E00138641 /* Student.js */ = {isa = PBXFileReference; lastKnownFileType = sourcecode.javascript; path = Student.js; sourceTree = "<group>"; };
		D5AD3C3D1CF3EBFB00138641 /* teacher.js */ = {isa = PBXFileReference; lastKnownFileType = sourcecode.javascript; path = teacher.js; sourceTree = "<group>"; };
		D5AD3C3E1CF3EC6A00138641 /* Class.js */ = {isa = PBXFileReference; lastKnownFileType = sourcecode.javascript; path = Class.js; sourceTree = "<group>"; };
		D5AD3C3F1CF3ED9400138641 /* index.js */ = {isa = PBXFileReference; lastKnownFileType = sourcecode.javascript; path = index.js; sourceTree = "<group>"; };
/* End PBXFileReference section */

/* Begin PBXGroup section */
		D51D20E21CFD6ED9003FABA1 /* buffer */ = {
			isa = PBXGroup;
			children = (
				D51D20E41CFD6FC4003FABA1 /* bd_logo1.png */,
				D51D20E31CFD6EF9003FABA1 /* buffer_image.js */,
				D51D20E61CFD74E9003FABA1 /* File */,
			);
			name = buffer;
			sourceTree = "<group>";
		};
		D51D20E71CFD794A003FABA1 /* stream */ = {
			isa = PBXGroup;
			children = (
				D51D20E81CFD7970003FABA1 /* stream_event.js */,
				D51D20E91CFD7E5A003FABA1 /* stream_copy.js */,
			);
			name = stream;
			sourceTree = "<group>";
		};
		D52F287E1CF2CFAE0064C39B = {
			isa = PBXGroup;
			children = (
				D51D20E71CFD794A003FABA1 /* stream */,
				D51D20E21CFD6ED9003FABA1 /* buffer */,
				D599A1861CFC0EAB0021B7F4 /* https */,
				D599A1841CFBDAF00021B7F4 /* promise */,
				D587AE2A1CF543C10002609C /* http */,
				D5AD3C3B1CF3EB5000138641 /* school */,
				D52F28861CF2D0520064C39B /* nodejs */,
			);
			sourceTree = "<group>";
		};
		D52F28861CF2D0520064C39B /* nodejs */ = {
			isa = PBXGroup;
			children = (
				D52F28871CF2D0CB0064C39B /* HelloNode.js */,
			);
			name = nodejs;
			sourceTree = "<group>";
		};
		D587AE2A1CF543C10002609C /* http */ = {
			isa = PBXGroup;
			children = (
				D587AE2B1CF543D60002609C /* Callback.js */,
				D587AE2C1CF545D30002609C /* async.js */,
				D587AE2D1CF54ADE0002609C /* context.js */,
				D587AE2E1CF54F3F0002609C /* call_apply.js */,
				D587AE301CF551090002609C /* call_apply_extend.js */,
				D57344941CF7E0B300F880E0 /* Crawler.js */,
				D599A1881CFC10570021B7F4 /* Promise_crawler.js */,
			);
			name = http;
			sourceTree = "<group>";
		};
		D599A1841CFBDAF00021B7F4 /* promise */ = {
			isa = PBXGroup;
			children = (
				D599A1851CFBDB0E0021B7F4 /* ball.html */,
			);
			name = promise;
			sourceTree = "<group>";
		};
		D599A1861CFC0EAB0021B7F4 /* https */ = {
			isa = PBXGroup;
			children = (
				D599A1871CFC0EC30021B7F4 /* https.js */,
			);
			name = https;
			sourceTree = "<group>";
		};
		D5AD3C3B1CF3EB5000138641 /* school */ = {
			isa = PBXGroup;
			children = (
				D5AD3C3C1CF3EB7E00138641 /* Student.js */,
				D5AD3C3D1CF3EBFB00138641 /* teacher.js */,
				D5AD3C3E1CF3EC6A00138641 /* Class.js */,
				D5AD3C3F1CF3ED9400138641 /* index.js */,
			);
			name = school;
			sourceTree = "<group>";
		};
/* End PBXGroup section */

/* Begin PBXProject section */
		D52F287F1CF2CFAE0064C39B /* Project object */ = {
			isa = PBXProject;
			attributes = {
				LastUpgradeCheck = 0730;
			};
			buildConfigurationList = D52F28821CF2CFAE0064C39B /* Build configuration list for PBXProject "HelloNode" */;
			compatibilityVersion = "Xcode 3.2";
			developmentRegion = English;
			hasScannedForEncodings = 0;
			knownRegions = (
				en,
			);
			mainGroup = D52F287E1CF2CFAE0064C39B;
			projectDirPath = "";
			projectRoot = "";
			targets = (
			);
		};
/* End PBXProject section */

/* Begin XCBuildConfiguration section */
		D52F28831CF2CFAE0064C39B /* Debug */ = {
			isa = XCBuildConfiguration;
			buildSettings = {
			};
			name = Debug;
		};
		D52F28841CF2CFAE0064C39B /* Release */ = {
			isa = XCBuildConfiguration;
			buildSettings = {
			};
			name = Release;
		};
/* End XCBuildConfiguration section */

/* Begin XCConfigurationList section */
		D52F28821CF2CFAE0064C39B /* Build configuration list for PBXProject "HelloNode" */ = {
			isa = XCConfigurationList;
			buildConfigurations = (
				D52F28831CF2CFAE0064C39B /* Debug */,
				D52F28841CF2CFAE0064C39B /* Release */,
			);
			defaultConfigurationIsVisible = 0;
			defaultConfigurationName = Release;
		};
/* End XCConfigurationList section */
	};
	rootObject = D52F287F1CF2CFAE0064C39B /* Project object */;
}
